
Microsoft Visual Studio Solution File, Format Version 12.00
# Visual Studio Version 17
VisualStudioVersion = 17.4.33213.308
MinimumVisualStudioVersion = 10.0.40219.1
Project("{FAE04EC0-301F-11D3-BF4B-00C04F79EFBC}") = "BidMyCar", "BidMyCar.csproj", "{D4A73E2C-A983-4549-B9F2-6239B72DC0A0}"
EndProject
Global
	GlobalSection(SolutionConfigurationPlatforms) = preSolution
		Debug|Any CPU = Debug|Any CPU
		Release|Any CPU = Release|Any CPU
	EndGlobalSection
	GlobalSection(ProjectConfigurationPlatforms) = postSolution
		{D4A73E2C-A983-4549-B9F2-6239B72DC0A0}.Debug|Any CPU.ActiveCfg = Debug|Any CPU
		{D4A73E2C-A983-4549-B9F2-6239B72DC0A0}.Debug|Any CPU.Build.0 = Debug|Any CPU
		{D4A73E2C-A983-4549-B9F2-6239B72DC0A0}.Release|Any CPU.ActiveCfg = Release|Any CPU
		{D4A73E2C-A983-4549-B9F2-6239B72DC0A0}.Release|Any CPU.Build.0 = Release|Any CPU
	EndGlobalSection
	GlobalSection(SolutionProperties) = preSolution
		HideSolutionNode = FALSE
	EndGlobalSection
	GlobalSection(ExtensibilityGlobals) = postSolution
		SolutionGuid = {2E117A85-0D0D-4305-8DC7-AAB004D2C651}
	EndGlobalSection
EndGlobal
